{
  "name": "Notepad-App",
  "lockfileVersion": 3,
  "requires": true,
  "packages": {
    "": {
      "dependencies": {
        "dictionary-en": "^4.0.0",
        "dictionary-en-gb": "^3.0.0"
      }
    },
    "node_modules/dictionary-en": {
      "version": "4.0.0",
      "resolved": "https://registry.npmjs.org/dictionary-en/-/dictionary-en-4.0.0.tgz",
      "integrity": "sha512-3NHnE1uq33ZE/CIwaZ6gqxa4BnglHnxeAcTM0GJ7cmtRGcvX9InMK/IqLtYcUMFCUpUNgybH+DzkqdgAo3F1zg==",
      "license": "(MIT AND BSD)",
      "funding": {
        "type": "github",
        "url": "https://github.com/sponsors/wooorm"
      }
    },
    "node_modules/dictionary-en-gb": {
      "version": "3.0.0",
      "resolved": "https://registry.npmjs.org/dictionary-en-gb/-/dictionary-en-gb-3.0.0.tgz",
      "integrity": "sha512-gU/dwC9xGYPh/0CCcmGNXO8OwSgOySAqevcSXxADCsgUD+tr6OJ52u7XaC7No7dNssvdUSfVjkzcqLrRZq3kPA==",
      "license": "(MIT AND BSD)",
      "funding": {
        "type": "github",
        "url": "https://github.com/sponsors/wooorm"
      }
    }
  }
}
